
Microsoft Visual Studio Solution File, Format Version 12.00
# Visual Studio 15
VisualStudioVersion = 15.0.33919.361
MinimumVisualStudioVersion = 10.0.40219.1
Project("{FAE04EC0-301F-11D3-BF4B-00C04F79EFBC}") = "houselearning-app", "houselearning-app\houselearning-app.csproj", "{48B11C86-97AE-43E7-991C-699E2BBFF4E6}"
EndProject
Global
	GlobalSection(SolutionConfigurationPlatforms) = preSolution
		Debug|Any CPU = Debug|Any CPU
		Release|Any CPU = Release|Any CPU
	EndGlobalSection
	GlobalSection(ProjectConfigurationPlatforms) = postSolution
		{48B11C86-97AE-43E7-991C-699E2BBFF4E6}.Debug|Any CPU.ActiveCfg = Debug|Any CPU
		{48B11C86-97AE-43E7-991C-699E2BBFF4E6}.Debug|Any CPU.Build.0 = Debug|Any CPU
		{48B11C86-97AE-43E7-991C-699E2BBFF4E6}.Release|Any CPU.ActiveCfg = Release|Any CPU
		{48B11C86-97AE-43E7-991C-699E2BBFF4E6}.Release|Any CPU.Build.0 = Release|Any CPU
	EndGlobalSection
	GlobalSection(SolutionProperties) = preSolution
		HideSolutionNode = FALSE
	EndGlobalSection
	GlobalSection(ExtensibilityGlobals) = postSolution
		SolutionGuid = {59B45A69-56AC-4040-864D-F078881790F4}
	EndGlobalSection
EndGlobal
